// !$*UTF8*$!
{
	archiveVersion = 1;
	classes = {
	};
	objectVersion = 50;
	objects = {

/* Begin PBXBuildFile section */
		44E296FE213417C200FB1E87 /* Info-tvOS.plist in Resources */ = {isa = PBXBuildFile; fileRef = 44E296C7213417C200FB1E87 /* Info-tvOS.plist */; };
		44E296FF213417C200FB1E87 /* Info.plist in Resources */ = {isa = PBXBuildFile; fileRef = 44E296C8213417C200FB1E87 /* Info.plist */; };
		44E29701213417C200FB1E87 /* AES.swift in Sources */ = {isa = PBXBuildFile; fileRef = 44E296CF213417C200FB1E87 /* AES.swift */; };
		44E29702213417C200FB1E87 /* SHA256.swift in Sources */ = {isa = PBXBuildFile; fileRef = 44E296D0213417C200FB1E87 /* SHA256.swift */; };
		44E29703213417C200FB1E87 /* scrypt.swift in Sources */ = {isa = PBXBuildFile; fileRef = 44E296D1213417C200FB1E87 /* scrypt.swift */; };
		44E29704213417C200FB1E87 /* RIPEMD160.swift in Sources */ = {isa = PBXBuildFile; fileRef = 44E296D2213417C200FB1E87 /* RIPEMD160.swift */; };
		44E29705213417C200FB1E87 /* PBKDF2.swift in Sources */ = {isa = PBXBuildFile; fileRef = 44E296D3213417C200FB1E87 /* PBKDF2.swift */; };
		44E29706213417C200FB1E87 /* NeoScan.swift in Sources */ = {isa = PBXBuildFile; fileRef = 44E296D4213417C200FB1E87 /* NeoScan.swift */; };
		44E29707213417C200FB1E87 /* Array+Util.swift in Sources */ = {isa = PBXBuildFile; fileRef = 44E296D6213417C200FB1E87 /* Array+Util.swift */; };
		44E29708213417C200FB1E87 /* validator.swift in Sources */ = {isa = PBXBuildFile; fileRef = 44E296D7213417C200FB1E87 /* validator.swift */; };
		44E29709213417C200FB1E87 /* NEP2.swift in Sources */ = {isa = PBXBuildFile; fileRef = 44E296D8213417C200FB1E87 /* NEP2.swift */; };
		44E2970A213417C200FB1E87 /* Data+Util.swift in Sources */ = {isa = PBXBuildFile; fileRef = 44E296D9213417C200FB1E87 /* Data+Util.swift */; };
		44E2970B213417C200FB1E87 /* Base58.swift in Sources */ = {isa = PBXBuildFile; fileRef = 44E296DA213417C200FB1E87 /* Base58.swift */; };
		44E2970C213417C200FB1E87 /* NEP9.swift in Sources */ = {isa = PBXBuildFile; fileRef = 44E296DB213417C200FB1E87 /* NEP9.swift */; };
		44E2970D213417C200FB1E87 /* OpCodes.swift in Sources */ = {isa = PBXBuildFile; fileRef = 44E296DD213417C200FB1E87 /* OpCodes.swift */; };
		44E2970E213417C200FB1E87 /* ScriptBuilder.swift in Sources */ = {isa = PBXBuildFile; fileRef = 44E296DE213417C200FB1E87 /* ScriptBuilder.swift */; };
		44E2970F213417C200FB1E87 /* NEP5Token.swift in Sources */ = {isa = PBXBuildFile; fileRef = 44E296DF213417C200FB1E87 /* NEP5Token.swift */; };
		44E29710213417C200FB1E87 /* AccountState.swift in Sources */ = {isa = PBXBuildFile; fileRef = 44E296E1213417C200FB1E87 /* AccountState.swift */; };
		44E29711213417C200FB1E87 /* Claims.swift in Sources */ = {isa = PBXBuildFile; fileRef = 44E296E2213417C200FB1E87 /* Claims.swift */; };
		44E29712213417C200FB1E87 /* ValueIn.swift in Sources */ = {isa = PBXBuildFile; fileRef = 44E296E3213417C200FB1E87 /* ValueIn.swift */; };
		44E29713213417C200FB1E87 /* NEONetwork.swift in Sources */ = {isa = PBXBuildFile; fileRef = 44E296E4213417C200FB1E87 /* NEONetwork.swift */; };
		44E29714213417C200FB1E87 /* ValueOut.swift in Sources */ = {isa = PBXBuildFile; fileRef = 44E296E5213417C200FB1E87 /* ValueOut.swift */; };
		44E29715213417C200FB1E87 /* TransactionHistory.swift in Sources */ = {isa = PBXBuildFile; fileRef = 44E296E6213417C200FB1E87 /* TransactionHistory.swift */; };
		44E29716213417C200FB1E87 /* Block.swift in Sources */ = {isa = PBXBuildFile; fileRef = 44E296E7213417C200FB1E87 /* Block.swift */; };
		44E29717213417C200FB1E87 /* Balance.swift in Sources */ = {isa = PBXBuildFile; fileRef = 44E296E8213417C200FB1E87 /* Balance.swift */; };
		44E29718213417C200FB1E87 /* Script.swift in Sources */ = {isa = PBXBuildFile; fileRef = 44E296E9213417C200FB1E87 /* Script.swift */; };
		44E29719213417C200FB1E87 /* NeoScanTransactionHistory.swift in Sources */ = {isa = PBXBuildFile; fileRef = 44E296EA213417C200FB1E87 /* NeoScanTransactionHistory.swift */; };
		44E2971A213417C200FB1E87 /* Transaction.swift in Sources */ = {isa = PBXBuildFile; fileRef = 44E296EB213417C200FB1E87 /* Transaction.swift */; };
		44E2971B213417C200FB1E87 /* TransactionAttritbute.swift in Sources */ = {isa = PBXBuildFile; fileRef = 44E296EC213417C200FB1E87 /* TransactionAttritbute.swift */; };
		44E2971C213417C200FB1E87 /* Asset.swift in Sources */ = {isa = PBXBuildFile; fileRef = 44E296ED213417C200FB1E87 /* Asset.swift */; };
		44E2971D213417C200FB1E87 /* Token.swift in Sources */ = {isa = PBXBuildFile; fileRef = 44E296EE213417C200FB1E87 /* Token.swift */; };
		44E2971E213417C200FB1E87 /* Peer.swift in Sources */ = {isa = PBXBuildFile; fileRef = 44E296EF213417C200FB1E87 /* Peer.swift */; };
		44E2971F213417C200FB1E87 /* ContractResult.swift in Sources */ = {isa = PBXBuildFile; fileRef = 44E296F0213417C200FB1E87 /* ContractResult.swift */; };
		44E29720213417C200FB1E87 /* NeoScanBalance.swift in Sources */ = {isa = PBXBuildFile; fileRef = 44E296F1213417C200FB1E87 /* NeoScanBalance.swift */; };
		44E29721213417C200FB1E87 /* ShamirSecret.swift in Sources */ = {isa = PBXBuildFile; fileRef = 44E296F2213417C200FB1E87 /* ShamirSecret.swift */; };
		44E29722213417C200FB1E87 /* strip-frameworks.sh in Resources */ = {isa = PBXBuildFile; fileRef = 44E296F4213417C200FB1E87 /* strip-frameworks.sh */; };
		44E29723213417C200FB1E87 /* WIF.swift in Sources */ = {isa = PBXBuildFile; fileRef = 44E296F5213417C200FB1E87 /* WIF.swift */; };
		44E29724213417C200FB1E87 /* Account.swift in Sources */ = {isa = PBXBuildFile; fileRef = 44E296F6213417C200FB1E87 /* Account.swift */; };
		44E29725213417C200FB1E87 /* nodes.json in Resources */ = {isa = PBXBuildFile; fileRef = 44E296F8213417C200FB1E87 /* nodes.json */; };
		44E29726213417C200FB1E87 /* AssetIdConstants.swift in Sources */ = {isa = PBXBuildFile; fileRef = 44E296F9213417C200FB1E87 /* AssetIdConstants.swift */; };
		44E29727213417C200FB1E87 /* NeoClient.swift in Sources */ = {isa = PBXBuildFile; fileRef = 44E296FA213417C200FB1E87 /* NeoClient.swift */; };
		44E297292134181A00FB1E87 /* neoutils.framework in Frameworks */ = {isa = PBXBuildFile; fileRef = 44E297282134181A00FB1E87 /* neoutils.framework */; };
		44E2972B2135208700FB1E87 /* Parameter.swift in Sources */ = {isa = PBXBuildFile; fileRef = 44E2972A2135208700FB1E87 /* Parameter.swift */; };
		44E2972D213520EF00FB1E87 /* SwiftHeader.swift in Sources */ = {isa = PBXBuildFile; fileRef = 44E2972C213520EF00FB1E87 /* SwiftHeader.swift */; };
		44E29741213534DB00FB1E87 /* UIImageCommon.swift in Sources */ = {isa = PBXBuildFile; fileRef = 44E29730213534DB00FB1E87 /* UIImageCommon.swift */; };
		44E29742213534DB00FB1E87 /* TextOffsetX.swift in Sources */ = {isa = PBXBuildFile; fileRef = 44E29731213534DB00FB1E87 /* TextOffsetX.swift */; };
		44E29743213534DB00FB1E87 /* JWViewExtension.swift in Sources */ = {isa = PBXBuildFile; fileRef = 44E29733213534DB00FB1E87 /* JWViewExtension.swift */; };
		44E29744213534DB00FB1E87 /* JWNavigationBarEt.swift in Sources */ = {isa = PBXBuildFile; fileRef = 44E29734213534DB00FB1E87 /* JWNavigationBarEt.swift */; };
		44E29745213534DB00FB1E87 /* UIColorPreinstall.swift in Sources */ = {isa = PBXBuildFile; fileRef = 44E29735213534DB00FB1E87 /* UIColorPreinstall.swift */; };
		44E29746213534DB00FB1E87 /* JWTextFieldExtension.swift in Sources */ = {isa = PBXBuildFile; fileRef = 44E29736213534DB00FB1E87 /* JWTextFieldExtension.swift */; };
		44E29747213534DB00FB1E87 /* AutoLayoutAssist.swift in Sources */ = {isa = PBXBuildFile; fileRef = 44E29738213534DB00FB1E87 /* AutoLayoutAssist.swift */; };
		44E29748213534DB00FB1E87 /* JWButtonExtension.swift in Sources */ = {isa = PBXBuildFile; fileRef = 44E29739213534DB00FB1E87 /* JWButtonExtension.swift */; };
		44E29749213534DB00FB1E87 /* TaskForGCD.swift in Sources */ = {isa = PBXBuildFile; fileRef = 44E2973A213534DB00FB1E87 /* TaskForGCD.swift */; };
		44E2974A213534DB00FB1E87 /* AccountTextField.swift in Sources */ = {isa = PBXBuildFile; fileRef = 44E2973B213534DB00FB1E87 /* AccountTextField.swift */; };
		44E2974B213534DB00FB1E87 /* JWUIKits.swift in Sources */ = {isa = PBXBuildFile; fileRef = 44E2973C213534DB00FB1E87 /* JWUIKits.swift */; };
		44E2975021354CAC00FB1E87 /* AlchemintClient.swift in Sources */ = {isa = PBXBuildFile; fileRef = 44E2974F21354CAC00FB1E87 /* AlchemintClient.swift */; };
		494DB6EC212725D5004FEE9D /* AppDelegate.swift in Sources */ = {isa = PBXBuildFile; fileRef = 494DB6EB212725D5004FEE9D /* AppDelegate.swift */; };
		494DB6EE212725D5004FEE9D /* ViewController.swift in Sources */ = {isa = PBXBuildFile; fileRef = 494DB6ED212725D5004FEE9D /* ViewController.swift */; };
		494DB6F1212725D5004FEE9D /* Main.storyboard in Resources */ = {isa = PBXBuildFile; fileRef = 494DB6EF212725D5004FEE9D /* Main.storyboard */; };
		494DB6F3212725D7004FEE9D /* Assets.xcassets in Resources */ = {isa = PBXBuildFile; fileRef = 494DB6F2212725D7004FEE9D /* Assets.xcassets */; };
		494DB6F6212725D7004FEE9D /* LaunchScreen.storyboard in Resources */ = {isa = PBXBuildFile; fileRef = 494DB6F4212725D7004FEE9D /* LaunchScreen.storyboard */; };
		E37763F6AF5285587955FDA0 /* Pods_AlchemintProject.framework in Frameworks */ = {isa = PBXBuildFile; fileRef = 0ADF4FED3BCCB015B106ADEB /* Pods_AlchemintProject.framework */; };
/* End PBXBuildFile section */

/* Begin PBXFileReference section */
		0ADF4FED3BCCB015B106ADEB /* Pods_AlchemintProject.framework */ = {isa = PBXFileReference; explicitFileType = wrapper.framework; includeInIndex = 0; path = Pods_AlchemintProject.framework; sourceTree = BUILT_PRODUCTS_DIR; };
		12E3EBB7BC1DE46769B1A19E /* Pods-AlchemintProject.release.xcconfig */ = {isa = PBXFileReference; includeInIndex = 1; lastKnownFileType = text.xcconfig; name = "Pods-AlchemintProject.release.xcconfig"; path = "Pods/Target Support Files/Pods-AlchemintProject/Pods-AlchemintProject.release.xcconfig"; sourceTree = "<group>"; };
		44E296CC213417C200FB1E87 /* _CommonCrypto.h */ = {isa = PBXFileReference; fileEncoding = 4; lastKnownFileType = sourcecode.c.h; path = _CommonCrypto.h; sourceTree = "<group>"; };
		44E296CD213417C200FB1E87 /* module.modulemap */ = {isa = PBXFileReference; fileEncoding = 4; lastKnownFileType = "sourcecode.module-map"; path = module.modulemap; sourceTree = "<group>"; };
		44E296CF213417C200FB1E87 /* AES.swift */ = {isa = PBXFileReference; fileEncoding = 4; lastKnownFileType = sourcecode.swift; path = AES.swift; sourceTree = "<group>"; };
		44E296D0213417C200FB1E87 /* SHA256.swift */ = {isa = PBXFileReference; fileEncoding = 4; lastKnownFileType = sourcecode.swift; path = SHA256.swift; sourceTree = "<group>"; };
		44E296D1213417C200FB1E87 /* scrypt.swift */ = {isa = PBXFileReference; fileEncoding = 4; lastKnownFileType = sourcecode.swift; path = scrypt.swift; sourceTree = "<group>"; };
		44E296D2213417C200FB1E87 /* RIPEMD160.swift */ = {isa = PBXFileReference; fileEncoding = 4; lastKnownFileType = sourcecode.swift; path = RIPEMD160.swift; sourceTree = "<group>"; };
		44E296D3213417C200FB1E87 /* PBKDF2.swift */ = {isa = PBXFileReference; fileEncoding = 4; lastKnownFileType = sourcecode.swift; path = PBKDF2.swift; sourceTree = "<group>"; };
		44E296D4213417C200FB1E87 /* NeoScan.swift */ = {isa = PBXFileReference; fileEncoding = 4; lastKnownFileType = sourcecode.swift; path = NeoScan.swift; sourceTree = "<group>"; };
		44E296D6213417C200FB1E87 /* Array+Util.swift */ = {isa = PBXFileReference; fileEncoding = 4; lastKnownFileType = sourcecode.swift; path = "Array+Util.swift"; sourceTree = "<group>"; };
		44E296D7213417C200FB1E87 /* validator.swift */ = {isa = PBXFileReference; fileEncoding = 4; lastKnownFileType = sourcecode.swift; path = validator.swift; sourceTree = "<group>"; };
		44E296D8213417C200FB1E87 /* NEP2.swift */ = {isa = PBXFileReference; fileEncoding = 4; lastKnownFileType = sourcecode.swift; path = NEP2.swift; sourceTree = "<group>"; };
		44E296D9213417C200FB1E87 /* Data+Util.swift */ = {isa = PBXFileReference; fileEncoding = 4; lastKnownFileType = sourcecode.swift; path = "Data+Util.swift"; sourceTree = "<group>"; };
		44E296DA213417C200FB1E87 /* Base58.swift */ = {isa = PBXFileReference; fileEncoding = 4; lastKnownFileType = sourcecode.swift; path = Base58.swift; sourceTree = "<group>"; };
		44E296DB213417C200FB1E87 /* NEP9.swift */ = {isa = PBXFileReference; fileEncoding = 4; lastKnownFileType = sourcecode.swift; path = NEP9.swift; sourceTree = "<group>"; };
		44E296DD213417C200FB1E87 /* OpCodes.swift */ = {isa = PBXFileReference; fileEncoding = 4; lastKnownFileType = sourcecode.swift; path = OpCodes.swift; sourceTree = "<group>"; };
		44E296DE213417C200FB1E87 /* ScriptBuilder.swift */ = {isa = PBXFileReference; fileEncoding = 4; lastKnownFileType = sourcecode.swift; path = ScriptBuilder.swift; sourceTree = "<group>"; };
		44E296DF213417C200FB1E87 /* NEP5Token.swift */ = {isa = PBXFileReference; fileEncoding = 4; lastKnownFileType = sourcecode.swift; path = NEP5Token.swift; sourceTree = "<group>"; };
		44E296E1213417C200FB1E87 /* AccountState.swift */ = {isa = PBXFileReference; fileEncoding = 4; lastKnownFileType = sourcecode.swift; path = AccountState.swift; sourceTree = "<group>"; };
		44E296E2213417C200FB1E87 /* Claims.swift */ = {isa = PBXFileReference; fileEncoding = 4; lastKnownFileType = sourcecode.swift; path = Claims.swift; sourceTree = "<group>"; };
		44E296E3213417C200FB1E87 /* ValueIn.swift */ = {isa = PBXFileReference; fileEncoding = 4; lastKnownFileType = sourcecode.swift; path = ValueIn.swift; sourceTree = "<group>"; };
		44E296E4213417C200FB1E87 /* NEONetwork.swift */ = {isa = PBXFileReference; fileEncoding = 4; lastKnownFileType = sourcecode.swift; path = NEONetwork.swift; sourceTree = "<group>"; };
		44E296E5213417C200FB1E87 /* ValueOut.swift */ = {isa = PBXFileReference; fileEncoding = 4; lastKnownFileType = sourcecode.swift; path = ValueOut.swift; sourceTree = "<group>"; };
		44E296E6213417C200FB1E87 /* TransactionHistory.swift */ = {isa = PBXFileReference; fileEncoding = 4; lastKnownFileType = sourcecode.swift; path = TransactionHistory.swift; sourceTree = "<group>"; };
		44E296E7213417C200FB1E87 /* Block.swift */ = {isa = PBXFileReference; fileEncoding = 4; lastKnownFileType = sourcecode.swift; path = Block.swift; sourceTree = "<group>"; };
		44E296E8213417C200FB1E87 /* Balance.swift */ = {isa = PBXFileReference; fileEncoding = 4; lastKnownFileType = sourcecode.swift; path = Balance.swift; sourceTree = "<group>"; };
		44E296E9213417C200FB1E87 /* Script.swift */ = {isa = PBXFileReference; fileEncoding = 4; lastKnownFileType = sourcecode.swift; path = Script.swift; sourceTree = "<group>"; };
		44E296EA213417C200FB1E87 /* NeoScanTransactionHistory.swift */ = {isa = PBXFileReference; fileEncoding = 4; lastKnownFileType = sourcecode.swift; path = NeoScanTransactionHistory.swift; sourceTree = "<group>"; };
		44E296EB213417C200FB1E87 /* Transaction.swift */ = {isa = PBXFileReference; fileEncoding = 4; lastKnownFileType = sourcecode.swift; path = Transaction.swift; sourceTree = "<group>"; };
		44E296EC213417C200FB1E87 /* TransactionAttritbute.swift */ = {isa = PBXFileReference; fileEncoding = 4; lastKnownFileType = sourcecode.swift; path = TransactionAttritbute.swift; sourceTree = "<group>"; };
		44E296ED213417C200FB1E87 /* Asset.swift */ = {isa = PBXFileReference; fileEncoding = 4; lastKnownFileType = sourcecode.swift; path = Asset.swift; sourceTree = "<group>"; };
		44E296EE213417C200FB1E87 /* Token.swift */ = {isa = PBXFileReference; fileEncoding = 4; lastKnownFileType = sourcecode.swift; path = Token.swift; sourceTree = "<group>"; };
		44E296EF213417C200FB1E87 /* Peer.swift */ = {isa = PBXFileReference; fileEncoding = 4; lastKnownFileType = sourcecode.swift; path = Peer.swift; sourceTree = "<group>"; };
		44E296F0213417C200FB1E87 /* ContractResult.swift */ = {isa = PBXFileReference; fileEncoding = 4; lastKnownFileType = sourcecode.swift; path = ContractResult.swift; sourceTree = "<group>"; };
		44E296F1213417C200FB1E87 /* NeoScanBalance.swift */ = {isa = PBXFileReference; fileEncoding = 4; lastKnownFileType = sourcecode.swift; path = NeoScanBalance.swift; sourceTree = "<group>"; };
		44E296F2213417C200FB1E87 /* ShamirSecret.swift */ = {isa = PBXFileReference; fileEncoding = 4; lastKnownFileType = sourcecode.swift; path = ShamirSecret.swift; sourceTree = "<group>"; };
		44E296F4213417C200FB1E87 /* strip-frameworks.sh */ = {isa = PBXFileReference; fileEncoding = 4; lastKnownFileType = text.script.sh; path = "strip-frameworks.sh"; sourceTree = "<group>"; };
		44E296F5213417C200FB1E87 /* WIF.swift */ = {isa = PBXFileReference; fileEncoding = 4; lastKnownFileType = sourcecode.swift; path = WIF.swift; sourceTree = "<group>"; };
		44E296F6213417C200FB1E87 /* Account.swift */ = {isa = PBXFileReference; fileEncoding = 4; lastKnownFileType = sourcecode.swift; path = Account.swift; sourceTree = "<group>"; };
		44E296F8213417C200FB1E87 /* nodes.json */ = {isa = PBXFileReference; fileEncoding = 4; lastKnownFileType = text.json; path = nodes.json; sourceTree = "<group>"; };
		44E296F9213417C200FB1E87 /* AssetIdConstants.swift */ = {isa = PBXFileReference; fileEncoding = 4; lastKnownFileType = sourcecode.swift; path = AssetIdConstants.swift; sourceTree = "<group>"; };
		44E296FA213417C200FB1E87 /* NeoClient.swift */ = {isa = PBXFileReference; fileEncoding = 4; lastKnownFileType = sourcecode.swift; path = NeoClient.swift; sourceTree = "<group>"; };
		44E297282134181A00FB1E87 /* neoutils.framework */ = {isa = PBXFileReference; lastKnownFileType = wrapper.framework; path = neoutils.framework; sourceTree = "<group>"; };
		44E2972A2135208700FB1E87 /* Parameter.swift */ = {isa = PBXFileReference; lastKnownFileType = sourcecode.swift; path = Parameter.swift; sourceTree = "<group>"; };
		44E2972C213520EF00FB1E87 /* SwiftHeader.swift */ = {isa = PBXFileReference; lastKnownFileType = sourcecode.swift; path = SwiftHeader.swift; sourceTree = "<group>"; };
		44E29730213534DB00FB1E87 /* UIImageCommon.swift */ = {isa = PBXFileReference; fileEncoding = 4; lastKnownFileType = sourcecode.swift; path = UIImageCommon.swift; sourceTree = "<group>"; };
		44E29731213534DB00FB1E87 /* TextOffsetX.swift */ = {isa = PBXFileReference; fileEncoding = 4; lastKnownFileType = sourcecode.swift; path = TextOffsetX.swift; sourceTree = "<group>"; };
		44E29733213534DB00FB1E87 /* JWViewExtension.swift */ = {isa = PBXFileReference; fileEncoding = 4; lastKnownFileType = sourcecode.swift; path = JWViewExtension.swift; sourceTree = "<group>"; };
		44E29734213534DB00FB1E87 /* JWNavigationBarEt.swift */ = {isa = PBXFileReference; fileEncoding = 4; lastKnownFileType = sourcecode.swift; path = JWNavigationBarEt.swift; sourceTree = "<group>"; };
		44E29735213534DB00FB1E87 /* UIColorPreinstall.swift */ = {isa = PBXFileReference; fileEncoding = 4; lastKnownFileType = sourcecode.swift; path = UIColorPreinstall.swift; sourceTree = "<group>"; };
		44E29736213534DB00FB1E87 /* JWTextFieldExtension.swift */ = {isa = PBXFileReference; fileEncoding = 4; lastKnownFileType = sourcecode.swift; path = JWTextFieldExtension.swift; sourceTree = "<group>"; };
		44E29738213534DB00FB1E87 /* AutoLayoutAssist.swift */ = {isa = PBXFileReference; fileEncoding = 4; lastKnownFileType = sourcecode.swift; path = AutoLayoutAssist.swift; sourceTree = "<group>"; };
		44E29739213534DB00FB1E87 /* JWButtonExtension.swift */ = {isa = PBXFileReference; fileEncoding = 4; lastKnownFileType = sourcecode.swift; path = JWButtonExtension.swift; sourceTree = "<group>"; };
		44E2973A213534DB00FB1E87 /* TaskForGCD.swift */ = {isa = PBXFileReference; fileEncoding = 4; lastKnownFileType = sourcecode.swift; path = TaskForGCD.swift; sourceTree = "<group>"; };
		44E2973B213534DB00FB1E87 /* AccountTextField.swift */ = {isa = PBXFileReference; fileEncoding = 4; lastKnownFileType = sourcecode.swift; path = AccountTextField.swift; sourceTree = "<group>"; };
		44E2973C213534DB00FB1E87 /* JWUIKits.swift */ = {isa = PBXFileReference; fileEncoding = 4; lastKnownFileType = sourcecode.swift; path = JWUIKits.swift; sourceTree = "<group>"; };
		44E2974F21354CAC00FB1E87 /* AlchemintClient.swift */ = {isa = PBXFileReference; lastKnownFileType = sourcecode.swift; path = AlchemintClient.swift; sourceTree = "<group>"; };
		494DB6E8212725D5004FEE9D /* AlchemintProject.app */ = {isa = PBXFileReference; explicitFileType = wrapper.application; includeInIndex = 0; path = AlchemintProject.app; sourceTree = BUILT_PRODUCTS_DIR; };
		494DB6EB212725D5004FEE9D /* AppDelegate.swift */ = {isa = PBXFileReference; lastKnownFileType = sourcecode.swift; path = AppDelegate.swift; sourceTree = "<group>"; };
		494DB6ED212725D5004FEE9D /* ViewController.swift */ = {isa = PBXFileReference; lastKnownFileType = sourcecode.swift; path = ViewController.swift; sourceTree = "<group>"; };
		494DB6F0212725D5004FEE9D /* Base */ = {isa = PBXFileReference; lastKnownFileType = file.storyboard; name = Base; path = Base.lproj/Main.storyboard; sourceTree = "<group>"; };
		494DB6F2212725D7004FEE9D /* Assets.xcassets */ = {isa = PBXFileReference; lastKnownFileType = folder.assetcatalog; path = Assets.xcassets; sourceTree = "<group>"; };
		494DB6F5212725D7004FEE9D /* Base */ = {isa = PBXFileReference; lastKnownFileType = file.storyboard; name = Base; path = Base.lproj/LaunchScreen.storyboard; sourceTree = "<group>"; };
		494DB6F7212725D7004FEE9D /* Info.plist */ = {isa = PBXFileReference; lastKnownFileType = text.plist.xml; path = Info.plist; sourceTree = "<group>"; };
		587BFC4684D65D7BB0EB1D2C /* Pods-AlchemintProject.debug.xcconfig */ = {isa = PBXFileReference; includeInIndex = 1; lastKnownFileType = text.xcconfig; name = "Pods-AlchemintProject.debug.xcconfig"; path = "Pods/Target Support Files/Pods-AlchemintProject/Pods-AlchemintProject.debug.xcconfig"; sourceTree = "<group>"; };
/* End PBXFileReference section */

/* Begin PBXFrameworksBuildPhase section */
		494DB6E5212725D5004FEE9D /* Frameworks */ = {
			isa = PBXFrameworksBuildPhase;
			buildActionMask = 2147483647;
			files = (
				E37763F6AF5285587955FDA0 /* Pods_AlchemintProject.framework in Frameworks */,
				44E297292134181A00FB1E87 /* neoutils.framework in Frameworks */,
			);
			runOnlyForDeploymentPostprocessing = 0;
		};
/* End PBXFrameworksBuildPhase section */

/* Begin PBXGroup section */
		0322F4B45707B63267E0C32A /* Pods */ = {
			isa = PBXGroup;
			children = (
				587BFC4684D65D7BB0EB1D2C /* Pods-AlchemintProject.debug.xcconfig */,
				12E3EBB7BC1DE46769B1A19E /* Pods-AlchemintProject.release.xcconfig */,
			);
			name = Pods;
			sourceTree = "<group>";
		};
		44E296C3213417C200FB1E87 /* Sources */ = {
			isa = PBXGroup;
			children = (
				44E2972E213534DB00FB1E87 /* Custom */,
				44E296C4213417C200FB1E87 /* Models */,
				44E296C5213417C200FB1E87 /* External */,
			);
			path = Sources;
			sourceTree = "<group>";
		};
		44E296C4213417C200FB1E87 /* Models */ = {
			isa = PBXGroup;
			children = (
			);
			path = Models;
			sourceTree = "<group>";
		};
		44E296C5213417C200FB1E87 /* External */ = {
			isa = PBXGroup;
			children = (
				44E296C9213417C200FB1E87 /* NeoSwift */,
			);
			path = External;
			sourceTree = "<group>";
		};
		44E296C9213417C200FB1E87 /* NeoSwift */ = {
			isa = PBXGroup;
			children = (
				44E297282134181A00FB1E87 /* neoutils.framework */,
				44E296CB213417C200FB1E87 /* CommonCrypto */,
				44E296CE213417C200FB1E87 /* Crypto */,
				44E296D4213417C200FB1E87 /* NeoScan.swift */,
				44E296D5213417C200FB1E87 /* Util */,
				44E296DC213417C200FB1E87 /* Contracts */,
				44E296E0213417C200FB1E87 /* Models */,
				44E296F2213417C200FB1E87 /* ShamirSecret.swift */,
				44E296F3213417C200FB1E87 /* scripts */,
				44E296F5213417C200FB1E87 /* WIF.swift */,
				44E296F6213417C200FB1E87 /* Account.swift */,
				44E296F7213417C200FB1E87 /* data */,
				44E296F9213417C200FB1E87 /* AssetIdConstants.swift */,
				44E296FA213417C200FB1E87 /* NeoClient.swift */,
			);
			path = NeoSwift;
			sourceTree = "<group>";
		};
		44E296CB213417C200FB1E87 /* CommonCrypto */ = {
			isa = PBXGroup;
			children = (
				44E296CC213417C200FB1E87 /* _CommonCrypto.h */,
				44E296CD213417C200FB1E87 /* module.modulemap */,
			);
			path = CommonCrypto;
			sourceTree = "<group>";
		};
		44E296CE213417C200FB1E87 /* Crypto */ = {
			isa = PBXGroup;
			children = (
				44E296CF213417C200FB1E87 /* AES.swift */,
				44E296D0213417C200FB1E87 /* SHA256.swift */,
				44E296D1213417C200FB1E87 /* scrypt.swift */,
				44E296D2213417C200FB1E87 /* RIPEMD160.swift */,
				44E296D3213417C200FB1E87 /* PBKDF2.swift */,
			);
			path = Crypto;
			sourceTree = "<group>";
		};
		44E296D5213417C200FB1E87 /* Util */ = {
			isa = PBXGroup;
			children = (
				44E296D6213417C200FB1E87 /* Array+Util.swift */,
				44E296D7213417C200FB1E87 /* validator.swift */,
				44E296D8213417C200FB1E87 /* NEP2.swift */,
				44E296D9213417C200FB1E87 /* Data+Util.swift */,
				44E296DA213417C200FB1E87 /* Base58.swift */,
				44E296DB213417C200FB1E87 /* NEP9.swift */,
			);
			path = Util;
			sourceTree = "<group>";
		};
		44E296DC213417C200FB1E87 /* Contracts */ = {
			isa = PBXGroup;
			children = (
				44E296DD213417C200FB1E87 /* OpCodes.swift */,
				44E296DE213417C200FB1E87 /* ScriptBuilder.swift */,
				44E296DF213417C200FB1E87 /* NEP5Token.swift */,
			);
			path = Contracts;
			sourceTree = "<group>";
		};
		44E296E0213417C200FB1E87 /* Models */ = {
			isa = PBXGroup;
			children = (
				44E296E1213417C200FB1E87 /* AccountState.swift */,
				44E296E2213417C200FB1E87 /* Claims.swift */,
				44E296E3213417C200FB1E87 /* ValueIn.swift */,
				44E296E4213417C200FB1E87 /* NEONetwork.swift */,
				44E296E5213417C200FB1E87 /* ValueOut.swift */,
				44E296E6213417C200FB1E87 /* TransactionHistory.swift */,
				44E296E7213417C200FB1E87 /* Block.swift */,
				44E296E8213417C200FB1E87 /* Balance.swift */,
				44E296E9213417C200FB1E87 /* Script.swift */,
				44E296EA213417C200FB1E87 /* NeoScanTransactionHistory.swift */,
				44E296EB213417C200FB1E87 /* Transaction.swift */,
				44E296EC213417C200FB1E87 /* TransactionAttritbute.swift */,
				44E296ED213417C200FB1E87 /* Asset.swift */,
				44E296EE213417C200FB1E87 /* Token.swift */,
				44E296EF213417C200FB1E87 /* Peer.swift */,
				44E296F0213417C200FB1E87 /* ContractResult.swift */,
				44E296F1213417C200FB1E87 /* NeoScanBalance.swift */,
			);
			path = Models;
			sourceTree = "<group>";
		};
		44E296F3213417C200FB1E87 /* scripts */ = {
			isa = PBXGroup;
			children = (
				44E296F4213417C200FB1E87 /* strip-frameworks.sh */,
			);
			path = scripts;
			sourceTree = "<group>";
		};
		44E296F7213417C200FB1E87 /* data */ = {
			isa = PBXGroup;
			children = (
				44E296F8213417C200FB1E87 /* nodes.json */,
			);
			path = data;
			sourceTree = "<group>";
		};
		44E296FC213417C200FB1E87 /* Resources */ = {
			isa = PBXGroup;
			children = (
			);
			path = Resources;
			sourceTree = "<group>";
		};
<<<<<<< HEAD
=======
		44E296FD213417C200FB1E87 /* ViewControllers */ = {
			isa = PBXGroup;
			children = (
			);
			path = ViewControllers;
			sourceTree = "<group>";
		};
		44E2972E213534DB00FB1E87 /* Custom */ = {
			isa = PBXGroup;
			children = (
				44E2974E21354C5600FB1E87 /* Network */,
				44E2972F213534DB00FB1E87 /* CateGory */,
				44E29737213534DB00FB1E87 /* View */,
			);
			name = Custom;
			path = "../../../../Joe's workspase/SketchFile/HelloSwift/HelloSwift/Sources/Custom";
			sourceTree = "<group>";
		};
		44E2972F213534DB00FB1E87 /* CateGory */ = {
			isa = PBXGroup;
			children = (
				44E29730213534DB00FB1E87 /* UIImageCommon.swift */,
				44E29731213534DB00FB1E87 /* TextOffsetX.swift */,
				44E29732213534DB00FB1E87 /* JWUIViewExtension */,
				44E29734213534DB00FB1E87 /* JWNavigationBarEt.swift */,
				44E29735213534DB00FB1E87 /* UIColorPreinstall.swift */,
				44E29736213534DB00FB1E87 /* JWTextFieldExtension.swift */,
			);
			path = CateGory;
			sourceTree = "<group>";
		};
		44E29732213534DB00FB1E87 /* JWUIViewExtension */ = {
			isa = PBXGroup;
			children = (
				44E29733213534DB00FB1E87 /* JWViewExtension.swift */,
			);
			path = JWUIViewExtension;
			sourceTree = "<group>";
		};
		44E29737213534DB00FB1E87 /* View */ = {
			isa = PBXGroup;
			children = (
				44E29738213534DB00FB1E87 /* AutoLayoutAssist.swift */,
				44E29739213534DB00FB1E87 /* JWButtonExtension.swift */,
				44E2973A213534DB00FB1E87 /* TaskForGCD.swift */,
				44E2973B213534DB00FB1E87 /* AccountTextField.swift */,
				44E2973C213534DB00FB1E87 /* JWUIKits.swift */,
			);
			path = View;
			sourceTree = "<group>";
		};
		44E2974E21354C5600FB1E87 /* Network */ = {
			isa = PBXGroup;
			children = (
				44E2974F21354CAC00FB1E87 /* AlchemintClient.swift */,
			);
			path = Network;
			sourceTree = "<group>";
		};
>>>>>>> a9bb1d87b21578d9f78831de918f313b57daaa00
		494DB6DF212725D5004FEE9D = {
			isa = PBXGroup;
			children = (
				494DB6EA212725D5004FEE9D /* AlchemintProject */,
				494DB6E9212725D5004FEE9D /* Products */,
				0322F4B45707B63267E0C32A /* Pods */,
				971A90A0917A251ECB8E2347 /* Frameworks */,
			);
			sourceTree = "<group>";
		};
		494DB6E9212725D5004FEE9D /* Products */ = {
			isa = PBXGroup;
			children = (
				494DB6E8212725D5004FEE9D /* AlchemintProject.app */,
			);
			name = Products;
			sourceTree = "<group>";
		};
		494DB6EA212725D5004FEE9D /* AlchemintProject */ = {
			isa = PBXGroup;
			children = (
				494DB6EB212725D5004FEE9D /* AppDelegate.swift */,
				494DB6ED212725D5004FEE9D /* ViewController.swift */,
				44E2972A2135208700FB1E87 /* Parameter.swift */,
				44E2972C213520EF00FB1E87 /* SwiftHeader.swift */,
				494DB6EF212725D5004FEE9D /* Main.storyboard */,
				494DB6F2212725D7004FEE9D /* Assets.xcassets */,
				494DB6F4212725D7004FEE9D /* LaunchScreen.storyboard */,
				494DB6F7212725D7004FEE9D /* Info.plist */,
				44E296C3213417C200FB1E87 /* Sources */,
			);
			path = AlchemintProject;
			sourceTree = "<group>";
		};
		971A90A0917A251ECB8E2347 /* Frameworks */ = {
			isa = PBXGroup;
			children = (
				0ADF4FED3BCCB015B106ADEB /* Pods_AlchemintProject.framework */,
			);
			name = Frameworks;
			sourceTree = "<group>";
		};
/* End PBXGroup section */

/* Begin PBXNativeTarget section */
		494DB6E7212725D5004FEE9D /* AlchemintProject */ = {
			isa = PBXNativeTarget;
			buildConfigurationList = 494DB6FA212725D7004FEE9D /* Build configuration list for PBXNativeTarget "AlchemintProject" */;
			buildPhases = (
				F055BFC63415987F269E8506 /* [CP] Check Pods Manifest.lock */,
				494DB6E4212725D5004FEE9D /* Sources */,
				494DB6E5212725D5004FEE9D /* Frameworks */,
				494DB6E6212725D5004FEE9D /* Resources */,
				4A6DCC7A954FF6B749DD907F /* [CP] Embed Pods Frameworks */,
			);
			buildRules = (
			);
			dependencies = (
			);
			name = AlchemintProject;
			productName = AlchemintProject;
			productReference = 494DB6E8212725D5004FEE9D /* AlchemintProject.app */;
			productType = "com.apple.product-type.application";
		};
/* End PBXNativeTarget section */

/* Begin PBXProject section */
		494DB6E0212725D5004FEE9D /* Project object */ = {
			isa = PBXProject;
			attributes = {
				LastSwiftUpdateCheck = 0940;
				LastUpgradeCheck = 0940;
				ORGANIZATIONNAME = com.alchemintTeam.wuqiaoqiao;
				TargetAttributes = {
					494DB6E7212725D5004FEE9D = {
						CreatedOnToolsVersion = 9.4.1;
					};
				};
			};
			buildConfigurationList = 494DB6E3212725D5004FEE9D /* Build configuration list for PBXProject "AlchemintProject" */;
			compatibilityVersion = "Xcode 9.3";
			developmentRegion = en;
			hasScannedForEncodings = 0;
			knownRegions = (
				en,
				Base,
			);
			mainGroup = 494DB6DF212725D5004FEE9D;
			productRefGroup = 494DB6E9212725D5004FEE9D /* Products */;
			projectDirPath = "";
			projectRoot = "";
			targets = (
				494DB6E7212725D5004FEE9D /* AlchemintProject */,
			);
		};
/* End PBXProject section */

/* Begin PBXResourcesBuildPhase section */
		494DB6E6212725D5004FEE9D /* Resources */ = {
			isa = PBXResourcesBuildPhase;
			buildActionMask = 2147483647;
			files = (
				494DB6F6212725D7004FEE9D /* LaunchScreen.storyboard in Resources */,
				494DB6F3212725D7004FEE9D /* Assets.xcassets in Resources */,
				44E29725213417C200FB1E87 /* nodes.json in Resources */,
				44E29722213417C200FB1E87 /* strip-frameworks.sh in Resources */,
				494DB6F1212725D5004FEE9D /* Main.storyboard in Resources */,
			);
			runOnlyForDeploymentPostprocessing = 0;
		};
/* End PBXResourcesBuildPhase section */

/* Begin PBXShellScriptBuildPhase section */
		4A6DCC7A954FF6B749DD907F /* [CP] Embed Pods Frameworks */ = {
			isa = PBXShellScriptBuildPhase;
			buildActionMask = 2147483647;
			files = (
			);
			inputPaths = (
				"${SRCROOT}/Pods/Target Support Files/Pods-AlchemintProject/Pods-AlchemintProject-frameworks.sh",
				"${BUILT_PRODUCTS_DIR}/Alamofire/Alamofire.framework",
			);
			name = "[CP] Embed Pods Frameworks";
			outputPaths = (
				"${TARGET_BUILD_DIR}/${FRAMEWORKS_FOLDER_PATH}/Alamofire.framework",
			);
			runOnlyForDeploymentPostprocessing = 0;
			shellPath = /bin/sh;
			shellScript = "\"${SRCROOT}/Pods/Target Support Files/Pods-AlchemintProject/Pods-AlchemintProject-frameworks.sh\"\n";
			showEnvVarsInLog = 0;
		};
		F055BFC63415987F269E8506 /* [CP] Check Pods Manifest.lock */ = {
			isa = PBXShellScriptBuildPhase;
			buildActionMask = 2147483647;
			files = (
			);
			inputPaths = (
				"${PODS_PODFILE_DIR_PATH}/Podfile.lock",
				"${PODS_ROOT}/Manifest.lock",
			);
			name = "[CP] Check Pods Manifest.lock";
			outputPaths = (
				"$(DERIVED_FILE_DIR)/Pods-AlchemintProject-checkManifestLockResult.txt",
			);
			runOnlyForDeploymentPostprocessing = 0;
			shellPath = /bin/sh;
			shellScript = "diff \"${PODS_PODFILE_DIR_PATH}/Podfile.lock\" \"${PODS_ROOT}/Manifest.lock\" > /dev/null\nif [ $? != 0 ] ; then\n    # print error to STDERR\n    echo \"error: The sandbox is not in sync with the Podfile.lock. Run 'pod install' or update your CocoaPods installation.\" >&2\n    exit 1\nfi\n# This output is used by Xcode 'outputs' to avoid re-running this script phase.\necho \"SUCCESS\" > \"${SCRIPT_OUTPUT_FILE_0}\"\n";
			showEnvVarsInLog = 0;
		};
/* End PBXShellScriptBuildPhase section */

/* Begin PBXSourcesBuildPhase section */
		494DB6E4212725D5004FEE9D /* Sources */ = {
			isa = PBXSourcesBuildPhase;
			buildActionMask = 2147483647;
			files = (
				44E29719213417C200FB1E87 /* NeoScanTransactionHistory.swift in Sources */,
				44E29727213417C200FB1E87 /* NeoClient.swift in Sources */,
				44E29709213417C200FB1E87 /* NEP2.swift in Sources */,
				44E29721213417C200FB1E87 /* ShamirSecret.swift in Sources */,
				44E2970C213417C200FB1E87 /* NEP9.swift in Sources */,
				44E29708213417C200FB1E87 /* validator.swift in Sources */,
				44E29726213417C200FB1E87 /* AssetIdConstants.swift in Sources */,
				44E29702213417C200FB1E87 /* SHA256.swift in Sources */,
				44E29714213417C200FB1E87 /* ValueOut.swift in Sources */,
				44E2975021354CAC00FB1E87 /* AlchemintClient.swift in Sources */,
				44E29744213534DB00FB1E87 /* JWNavigationBarEt.swift in Sources */,
				44E29748213534DB00FB1E87 /* JWButtonExtension.swift in Sources */,
				44E29711213417C200FB1E87 /* Claims.swift in Sources */,
				44E2974A213534DB00FB1E87 /* AccountTextField.swift in Sources */,
				44E29724213417C200FB1E87 /* Account.swift in Sources */,
				44E2972B2135208700FB1E87 /* Parameter.swift in Sources */,
				494DB6EE212725D5004FEE9D /* ViewController.swift in Sources */,
				44E2971F213417C200FB1E87 /* ContractResult.swift in Sources */,
				44E29704213417C200FB1E87 /* RIPEMD160.swift in Sources */,
				44E29749213534DB00FB1E87 /* TaskForGCD.swift in Sources */,
				44E29701213417C200FB1E87 /* AES.swift in Sources */,
				44E29716213417C200FB1E87 /* Block.swift in Sources */,
				44E29712213417C200FB1E87 /* ValueIn.swift in Sources */,
				44E29746213534DB00FB1E87 /* JWTextFieldExtension.swift in Sources */,
				44E29741213534DB00FB1E87 /* UIImageCommon.swift in Sources */,
				44E2971C213417C200FB1E87 /* Asset.swift in Sources */,
				44E2970D213417C200FB1E87 /* OpCodes.swift in Sources */,
				44E29715213417C200FB1E87 /* TransactionHistory.swift in Sources */,
				44E2971A213417C200FB1E87 /* Transaction.swift in Sources */,
				44E29703213417C200FB1E87 /* scrypt.swift in Sources */,
				44E2971E213417C200FB1E87 /* Peer.swift in Sources */,
				44E29718213417C200FB1E87 /* Script.swift in Sources */,
				44E29742213534DB00FB1E87 /* TextOffsetX.swift in Sources */,
				44E29707213417C200FB1E87 /* Array+Util.swift in Sources */,
				44E2970E213417C200FB1E87 /* ScriptBuilder.swift in Sources */,
				44E29747213534DB00FB1E87 /* AutoLayoutAssist.swift in Sources */,
				44E29743213534DB00FB1E87 /* JWViewExtension.swift in Sources */,
				44E29717213417C200FB1E87 /* Balance.swift in Sources */,
				44E2970B213417C200FB1E87 /* Base58.swift in Sources */,
				494DB6EC212725D5004FEE9D /* AppDelegate.swift in Sources */,
				44E2974B213534DB00FB1E87 /* JWUIKits.swift in Sources */,
				44E29710213417C200FB1E87 /* AccountState.swift in Sources */,
				44E29745213534DB00FB1E87 /* UIColorPreinstall.swift in Sources */,
				44E29713213417C200FB1E87 /* NEONetwork.swift in Sources */,
				44E2971D213417C200FB1E87 /* Token.swift in Sources */,
				44E29720213417C200FB1E87 /* NeoScanBalance.swift in Sources */,
				44E2970A213417C200FB1E87 /* Data+Util.swift in Sources */,
				44E29705213417C200FB1E87 /* PBKDF2.swift in Sources */,
				44E2971B213417C200FB1E87 /* TransactionAttritbute.swift in Sources */,
				44E2972D213520EF00FB1E87 /* SwiftHeader.swift in Sources */,
				44E29706213417C200FB1E87 /* NeoScan.swift in Sources */,
				44E29723213417C200FB1E87 /* WIF.swift in Sources */,
				44E2970F213417C200FB1E87 /* NEP5Token.swift in Sources */,
			);
			runOnlyForDeploymentPostprocessing = 0;
		};
/* End PBXSourcesBuildPhase section */

/* Begin PBXVariantGroup section */
		494DB6EF212725D5004FEE9D /* Main.storyboard */ = {
			isa = PBXVariantGroup;
			children = (
				494DB6F0212725D5004FEE9D /* Base */,
			);
			name = Main.storyboard;
			sourceTree = "<group>";
		};
		494DB6F4212725D7004FEE9D /* LaunchScreen.storyboard */ = {
			isa = PBXVariantGroup;
			children = (
				494DB6F5212725D7004FEE9D /* Base */,
			);
			name = LaunchScreen.storyboard;
			sourceTree = "<group>";
		};
/* End PBXVariantGroup section */

/* Begin XCBuildConfiguration section */
		494DB6F8212725D7004FEE9D /* Debug */ = {
			isa = XCBuildConfiguration;
			buildSettings = {
				ALWAYS_SEARCH_USER_PATHS = NO;
				CLANG_ANALYZER_NONNULL = YES;
				CLANG_ANALYZER_NUMBER_OBJECT_CONVERSION = YES_AGGRESSIVE;
				CLANG_CXX_LANGUAGE_STANDARD = "gnu++14";
				CLANG_CXX_LIBRARY = "libc++";
				CLANG_ENABLE_MODULES = YES;
				CLANG_ENABLE_OBJC_ARC = YES;
				CLANG_ENABLE_OBJC_WEAK = YES;
				CLANG_WARN_BLOCK_CAPTURE_AUTORELEASING = YES;
				CLANG_WARN_BOOL_CONVERSION = YES;
				CLANG_WARN_COMMA = YES;
				CLANG_WARN_CONSTANT_CONVERSION = YES;
				CLANG_WARN_DEPRECATED_OBJC_IMPLEMENTATIONS = YES;
				CLANG_WARN_DIRECT_OBJC_ISA_USAGE = YES_ERROR;
				CLANG_WARN_DOCUMENTATION_COMMENTS = YES;
				CLANG_WARN_EMPTY_BODY = YES;
				CLANG_WARN_ENUM_CONVERSION = YES;
				CLANG_WARN_INFINITE_RECURSION = YES;
				CLANG_WARN_INT_CONVERSION = YES;
				CLANG_WARN_NON_LITERAL_NULL_CONVERSION = YES;
				CLANG_WARN_OBJC_IMPLICIT_RETAIN_SELF = YES;
				CLANG_WARN_OBJC_LITERAL_CONVERSION = YES;
				CLANG_WARN_OBJC_ROOT_CLASS = YES_ERROR;
				CLANG_WARN_RANGE_LOOP_ANALYSIS = YES;
				CLANG_WARN_STRICT_PROTOTYPES = YES;
				CLANG_WARN_SUSPICIOUS_MOVE = YES;
				CLANG_WARN_UNGUARDED_AVAILABILITY = YES_AGGRESSIVE;
				CLANG_WARN_UNREACHABLE_CODE = YES;
				CLANG_WARN__DUPLICATE_METHOD_MATCH = YES;
				CODE_SIGN_IDENTITY = "iPhone Developer";
				COPY_PHASE_STRIP = NO;
				DEBUG_INFORMATION_FORMAT = dwarf;
				ENABLE_STRICT_OBJC_MSGSEND = YES;
				ENABLE_TESTABILITY = YES;
				GCC_C_LANGUAGE_STANDARD = gnu11;
				GCC_DYNAMIC_NO_PIC = NO;
				GCC_NO_COMMON_BLOCKS = YES;
				GCC_OPTIMIZATION_LEVEL = 0;
				GCC_PREPROCESSOR_DEFINITIONS = (
					"DEBUG=1",
					"$(inherited)",
				);
				GCC_WARN_64_TO_32_BIT_CONVERSION = YES;
				GCC_WARN_ABOUT_RETURN_TYPE = YES_ERROR;
				GCC_WARN_UNDECLARED_SELECTOR = YES;
				GCC_WARN_UNINITIALIZED_AUTOS = YES_AGGRESSIVE;
				GCC_WARN_UNUSED_FUNCTION = YES;
				GCC_WARN_UNUSED_VARIABLE = YES;
				IPHONEOS_DEPLOYMENT_TARGET = 11.4;
				MTL_ENABLE_DEBUG_INFO = YES;
				ONLY_ACTIVE_ARCH = YES;
				SDKROOT = iphoneos;
				SWIFT_ACTIVE_COMPILATION_CONDITIONS = DEBUG;
				SWIFT_OPTIMIZATION_LEVEL = "-Onone";
			};
			name = Debug;
		};
		494DB6F9212725D7004FEE9D /* Release */ = {
			isa = XCBuildConfiguration;
			buildSettings = {
				ALWAYS_SEARCH_USER_PATHS = NO;
				CLANG_ANALYZER_NONNULL = YES;
				CLANG_ANALYZER_NUMBER_OBJECT_CONVERSION = YES_AGGRESSIVE;
				CLANG_CXX_LANGUAGE_STANDARD = "gnu++14";
				CLANG_CXX_LIBRARY = "libc++";
				CLANG_ENABLE_MODULES = YES;
				CLANG_ENABLE_OBJC_ARC = YES;
				CLANG_ENABLE_OBJC_WEAK = YES;
				CLANG_WARN_BLOCK_CAPTURE_AUTORELEASING = YES;
				CLANG_WARN_BOOL_CONVERSION = YES;
				CLANG_WARN_COMMA = YES;
				CLANG_WARN_CONSTANT_CONVERSION = YES;
				CLANG_WARN_DEPRECATED_OBJC_IMPLEMENTATIONS = YES;
				CLANG_WARN_DIRECT_OBJC_ISA_USAGE = YES_ERROR;
				CLANG_WARN_DOCUMENTATION_COMMENTS = YES;
				CLANG_WARN_EMPTY_BODY = YES;
				CLANG_WARN_ENUM_CONVERSION = YES;
				CLANG_WARN_INFINITE_RECURSION = YES;
				CLANG_WARN_INT_CONVERSION = YES;
				CLANG_WARN_NON_LITERAL_NULL_CONVERSION = YES;
				CLANG_WARN_OBJC_IMPLICIT_RETAIN_SELF = YES;
				CLANG_WARN_OBJC_LITERAL_CONVERSION = YES;
				CLANG_WARN_OBJC_ROOT_CLASS = YES_ERROR;
				CLANG_WARN_RANGE_LOOP_ANALYSIS = YES;
				CLANG_WARN_STRICT_PROTOTYPES = YES;
				CLANG_WARN_SUSPICIOUS_MOVE = YES;
				CLANG_WARN_UNGUARDED_AVAILABILITY = YES_AGGRESSIVE;
				CLANG_WARN_UNREACHABLE_CODE = YES;
				CLANG_WARN__DUPLICATE_METHOD_MATCH = YES;
				CODE_SIGN_IDENTITY = "iPhone Developer";
				COPY_PHASE_STRIP = NO;
				DEBUG_INFORMATION_FORMAT = "dwarf-with-dsym";
				ENABLE_NS_ASSERTIONS = NO;
				ENABLE_STRICT_OBJC_MSGSEND = YES;
				GCC_C_LANGUAGE_STANDARD = gnu11;
				GCC_NO_COMMON_BLOCKS = YES;
				GCC_WARN_64_TO_32_BIT_CONVERSION = YES;
				GCC_WARN_ABOUT_RETURN_TYPE = YES_ERROR;
				GCC_WARN_UNDECLARED_SELECTOR = YES;
				GCC_WARN_UNINITIALIZED_AUTOS = YES_AGGRESSIVE;
				GCC_WARN_UNUSED_FUNCTION = YES;
				GCC_WARN_UNUSED_VARIABLE = YES;
				IPHONEOS_DEPLOYMENT_TARGET = 11.4;
				MTL_ENABLE_DEBUG_INFO = NO;
				SDKROOT = iphoneos;
				SWIFT_COMPILATION_MODE = wholemodule;
				SWIFT_OPTIMIZATION_LEVEL = "-O";
				VALIDATE_PRODUCT = YES;
			};
			name = Release;
		};
		494DB6FB212725D7004FEE9D /* Debug */ = {
			isa = XCBuildConfiguration;
			baseConfigurationReference = 587BFC4684D65D7BB0EB1D2C /* Pods-AlchemintProject.debug.xcconfig */;
			buildSettings = {
				ASSETCATALOG_COMPILER_APPICON_NAME = AppIcon;
				CODE_SIGN_IDENTITY = "iPhone Developer";
				CODE_SIGN_STYLE = Automatic;
				DEVELOPMENT_TEAM = 2565U4ACV9;
				ENABLE_BITCODE = NO;
				FRAMEWORK_SEARCH_PATHS = (
					"$(inherited)",
					"$(PROJECT_DIR)/AlchemintProject",
					"$(PROJECT_DIR)/AlchemintProject/Sources/External/NeoSwift",
					"$(PROJECT_DIR)/AlchemintProject/Sources/External/NeoSwift/CommonCrypto",
				);
				HEADER_SEARCH_PATHS = "$(PROJECT_DIR)/AlchemintProject/Sources/External/NeoSwift/CommonCrypto";
				INFOPLIST_FILE = AlchemintProject/Info.plist;
				IPHONEOS_DEPLOYMENT_TARGET = 9.0;
				LD_RUNPATH_SEARCH_PATHS = (
					"$(inherited)",
					"@executable_path/Frameworks",
				);
				OTHER_SWIFT_FLAGS = "$(inherited) \"-D\" \"COCOAPODS\" -D DEBUG";
				PRODUCT_BUNDLE_IDENTIFIER = com.alchemintTeam.wuqiaoqiao.AlchemintProject;
				PRODUCT_NAME = "$(TARGET_NAME)";
				PROVISIONING_PROFILE = "";
				PROVISIONING_PROFILE_SPECIFIER = "";
				SWIFT_INCLUDE_PATHS = "$(PROJECT_DIR)/AlchemintProject/NeoSwift";
				SWIFT_VERSION = 4.0;
				TARGETED_DEVICE_FAMILY = "1,2";
			};
			name = Debug;
		};
		494DB6FC212725D7004FEE9D /* Release */ = {
			isa = XCBuildConfiguration;
			baseConfigurationReference = 12E3EBB7BC1DE46769B1A19E /* Pods-AlchemintProject.release.xcconfig */;
			buildSettings = {
				ASSETCATALOG_COMPILER_APPICON_NAME = AppIcon;
				CODE_SIGN_IDENTITY = "iPhone Developer";
				CODE_SIGN_STYLE = Automatic;
				DEVELOPMENT_TEAM = 2565U4ACV9;
				ENABLE_BITCODE = NO;
				FRAMEWORK_SEARCH_PATHS = (
					"$(inherited)",
					"$(PROJECT_DIR)/AlchemintProject",
					"$(PROJECT_DIR)/AlchemintProject/Sources/External/NeoSwift",
					"$(PROJECT_DIR)/AlchemintProject/Sources/External/NeoSwift/CommonCrypto",
				);
				HEADER_SEARCH_PATHS = "$(PROJECT_DIR)/AlchemintProject/Sources/External/NeoSwift/CommonCrypto";
				INFOPLIST_FILE = AlchemintProject/Info.plist;
				IPHONEOS_DEPLOYMENT_TARGET = 9.0;
				LD_RUNPATH_SEARCH_PATHS = (
					"$(inherited)",
					"@executable_path/Frameworks",
				);
				PRODUCT_BUNDLE_IDENTIFIER = com.alchemintTeam.wuqiaoqiao.AlchemintProject;
				PRODUCT_NAME = "$(TARGET_NAME)";
				PROVISIONING_PROFILE_SPECIFIER = "";
				SWIFT_INCLUDE_PATHS = "$(PROJECT_DIR)/AlchemintProject/NeoSwift";
				SWIFT_VERSION = 4.0;
				TARGETED_DEVICE_FAMILY = "1,2";
			};
			name = Release;
		};
/* End XCBuildConfiguration section */

/* Begin XCConfigurationList section */
		494DB6E3212725D5004FEE9D /* Build configuration list for PBXProject "AlchemintProject" */ = {
			isa = XCConfigurationList;
			buildConfigurations = (
				494DB6F8212725D7004FEE9D /* Debug */,
				494DB6F9212725D7004FEE9D /* Release */,
			);
			defaultConfigurationIsVisible = 0;
			defaultConfigurationName = Release;
		};
		494DB6FA212725D7004FEE9D /* Build configuration list for PBXNativeTarget "AlchemintProject" */ = {
			isa = XCConfigurationList;
			buildConfigurations = (
				494DB6FB212725D7004FEE9D /* Debug */,
				494DB6FC212725D7004FEE9D /* Release */,
			);
			defaultConfigurationIsVisible = 0;
			defaultConfigurationName = Release;
		};
/* End XCConfigurationList section */
	};
	rootObject = 494DB6E0212725D5004FEE9D /* Project object */;
}
